// !$*UTF8*$!
{
	archiveVersion = 1;
	classes = {
	};
	objectVersion = 50;
	objects = {

/* Begin PBXBuildFile section */
		3DCFC24A231DE76A00668326 /* AppDelegate.swift in Sources */ = {isa = PBXBuildFile; fileRef = 3DCFC249231DE76A00668326 /* AppDelegate.swift */; };
		3DCFC24C231DE76A00668326 /* ViewController.swift in Sources */ = {isa = PBXBuildFile; fileRef = 3DCFC24B231DE76A00668326 /* ViewController.swift */; };
		3DCFC24F231DE76A00668326 /* Main.storyboard in Resources */ = {isa = PBXBuildFile; fileRef = 3DCFC24D231DE76A00668326 /* Main.storyboard */; };
		3DCFC251231DE76D00668326 /* Assets.xcassets in Resources */ = {isa = PBXBuildFile; fileRef = 3DCFC250231DE76D00668326 /* Assets.xcassets */; };
		3DCFC254231DE76D00668326 /* LaunchScreen.storyboard in Resources */ = {isa = PBXBuildFile; fileRef = 3DCFC252231DE76D00668326 /* LaunchScreen.storyboard */; };
		3DCFC25F231DE76D00668326 /* App_TestTests.swift in Sources */ = {isa = PBXBuildFile; fileRef = 3DCFC25E231DE76D00668326 /* App_TestTests.swift */; };
		3DCFC26A231DE76D00668326 /* App_TestUITests.swift in Sources */ = {isa = PBXBuildFile; fileRef = 3DCFC269231DE76D00668326 /* App_TestUITests.swift */; };
/* End PBXBuildFile section */

/* Begin PBXContainerItemProxy section */
		3DCFC25B231DE76D00668326 /* PBXContainerItemProxy */ = {
			isa = PBXContainerItemProxy;
			containerPortal = 3DCFC23E231DE76A00668326 /* Project object */;
			proxyType = 1;
			remoteGlobalIDString = 3DCFC245231DE76A00668326;
			remoteInfo = "App Test";
		};
		3DCFC266231DE76D00668326 /* PBXContainerItemProxy */ = {
			isa = PBXContainerItemProxy;
			containerPortal = 3DCFC23E231DE76A00668326 /* Project object */;
			proxyType = 1;
			remoteGlobalIDString = 3DCFC245231DE76A00668326;
			remoteInfo = "App Test";
		};
/* End PBXContainerItemProxy section */

/* Begin PBXFileReference section */
		3DCFC246231DE76A00668326 /* App Test.app */ = {isa = PBXFileReference; explicitFileType = wrapper.application; includeInIndex = 0; path = "App Test.app"; sourceTree = BUILT_PRODUCTS_DIR; };
		3DCFC249231DE76A00668326 /* AppDelegate.swift */ = {isa = PBXFileReference; lastKnownFileType = sourcecode.swift; path = AppDelegate.swift; sourceTree = "<group>"; };
		3DCFC24B231DE76A00668326 /* ViewController.swift */ = {isa = PBXFileReference; lastKnownFileType = sourcecode.swift; path = ViewController.swift; sourceTree = "<group>"; };
		3DCFC24E231DE76A00668326 /* Base */ = {isa = PBXFileReference; lastKnownFileType = file.storyboard; name = Base; path = Base.lproj/Main.storyboard; sourceTree = "<group>"; };
		3DCFC250231DE76D00668326 /* Assets.xcassets */ = {isa = PBXFileReference; lastKnownFileType = folder.assetcatalog; path = Assets.xcassets; sourceTree = "<group>"; };
		3DCFC253231DE76D00668326 /* Base */ = {isa = PBXFileReference; lastKnownFileType = file.storyboard; name = Base; path = Base.lproj/LaunchScreen.storyboard; sourceTree = "<group>"; };
		3DCFC255231DE76D00668326 /* Info.plist */ = {isa = PBXFileReference; lastKnownFileType = text.plist.xml; path = Info.plist; sourceTree = "<group>"; };
		3DCFC25A231DE76D00668326 /* App TestTests.xctest */ = {isa = PBXFileReference; explicitFileType = wrapper.cfbundle; includeInIndex = 0; path = "App TestTests.xctest"; sourceTree = BUILT_PRODUCTS_DIR; };
		3DCFC25E231DE76D00668326 /* App_TestTests.swift */ = {isa = PBXFileReference; lastKnownFileType = sourcecode.swift; path = App_TestTests.swift; sourceTree = "<group>"; };
		3DCFC260231DE76D00668326 /* Info.plist */ = {isa = PBXFileReference; lastKnownFileType = text.plist.xml; path = Info.plist; sourceTree = "<group>"; };
		3DCFC265231DE76D00668326 /* App TestUITests.xctest */ = {isa = PBXFileReference; explicitFileType = wrapper.cfbundle; includeInIndex = 0; path = "App TestUITests.xctest"; sourceTree = BUILT_PRODUCTS_DIR; };
		3DCFC269231DE76D00668326 /* App_TestUITests.swift */ = {isa = PBXFileReference; lastKnownFileType = sourcecode.swift; path = App_TestUITests.swift; sourceTree = "<group>"; };
		3DCFC26B231DE76D00668326 /* Info.plist */ = {isa = PBXFileReference; lastKnownFileType = text.plist.xml; path = Info.plist; sourceTree = "<group>"; };
/* End PBXFileReference section */

/* Begin PBXFrameworksBuildPhase section */
		3DCFC243231DE76A00668326 /* Frameworks */ = {
			isa = PBXFrameworksBuildPhase;
			buildActionMask = 2147483647;
			files = (
			);
			runOnlyForDeploymentPostprocessing = 0;
		};
		3DCFC257231DE76D00668326 /* Frameworks */ = {
			isa = PBXFrameworksBuildPhase;
			buildActionMask = 2147483647;
			files = (
			);
			runOnlyForDeploymentPostprocessing = 0;
		};
		3DCFC262231DE76D00668326 /* Frameworks */ = {
			isa = PBXFrameworksBuildPhase;
			buildActionMask = 2147483647;
			files = (
			);
			runOnlyForDeploymentPostprocessing = 0;
		};
/* End PBXFrameworksBuildPhase section */

/* Begin PBXGroup section */
		3DCFC23D231DE76A00668326 = {
			isa = PBXGroup;
			children = (
				3DCFC248231DE76A00668326 /* App Test */,
				3DCFC25D231DE76D00668326 /* App TestTests */,
				3DCFC268231DE76D00668326 /* App TestUITests */,
				3DCFC247231DE76A00668326 /* Products */,
			);
			sourceTree = "<group>";
		};
		3DCFC247231DE76A00668326 /* Products */ = {
			isa = PBXGroup;
			children = (
				3DCFC246231DE76A00668326 /* App Test.app */,
				3DCFC25A231DE76D00668326 /* App TestTests.xctest */,
				3DCFC265231DE76D00668326 /* App TestUITests.xctest */,
			);
			name = Products;
			sourceTree = "<group>";
		};
		3DCFC248231DE76A00668326 /* App Test */ = {
			isa = PBXGroup;
			children = (
				3DCFC249231DE76A00668326 /* AppDelegate.swift */,
				3DCFC24B231DE76A00668326 /* ViewController.swift */,
				3DCFC24D231DE76A00668326 /* Main.storyboard */,
				3DCFC250231DE76D00668326 /* Assets.xcassets */,
				3DCFC252231DE76D00668326 /* LaunchScreen.storyboard */,
				3DCFC255231DE76D00668326 /* Info.plist */,
			);
			path = "App Test";
			sourceTree = "<group>";
		};
		3DCFC25D231DE76D00668326 /* App TestTests */ = {
			isa = PBXGroup;
			children = (
				3DCFC25E231DE76D00668326 /* App_TestTests.swift */,
				3DCFC260231DE76D00668326 /* Info.plist */,
			);
			path = "App TestTests";
			sourceTree = "<group>";
		};
		3DCFC268231DE76D00668326 /* App TestUITests */ = {
			isa = PBXGroup;
			children = (
				3DCFC269231DE76D00668326 /* App_TestUITests.swift */,
				3DCFC26B231DE76D00668326 /* Info.plist */,
			);
			path = "App TestUITests";
			sourceTree = "<group>";
		};
/* End PBXGroup section */

/* Begin PBXNativeTarget section */
		3DCFC245231DE76A00668326 /* App Test */ = {
			isa = PBXNativeTarget;
			buildConfigurationList = 3DCFC26E231DE76D00668326 /* Build configuration list for PBXNativeTarget "App Test" */;
			buildPhases = (
				3DCFC242231DE76A00668326 /* Sources */,
				3DCFC243231DE76A00668326 /* Frameworks */,
				3DCFC244231DE76A00668326 /* Resources */,
			);
			buildRules = (
			);
			dependencies = (
			);
			name = "App Test";
			productName = "App Test";
			productReference = 3DCFC246231DE76A00668326 /* App Test.app */;
			productType = "com.apple.product-type.application";
		};
		3DCFC259231DE76D00668326 /* App TestTests */ = {
			isa = PBXNativeTarget;
			buildConfigurationList = 3DCFC271231DE76D00668326 /* Build configuration list for PBXNativeTarget "App TestTests" */;
			buildPhases = (
				3DCFC256231DE76D00668326 /* Sources */,
				3DCFC257231DE76D00668326 /* Frameworks */,
				3DCFC258231DE76D00668326 /* Resources */,
			);
			buildRules = (
			);
			dependencies = (
				3DCFC25C231DE76D00668326 /* PBXTargetDependency */,
			);
			name = "App TestTests";
			productName = "App TestTests";
			productReference = 3DCFC25A231DE76D00668326 /* App TestTests.xctest */;
			productType = "com.apple.product-type.bundle.unit-test";
		};
		3DCFC264231DE76D00668326 /* App TestUITests */ = {
			isa = PBXNativeTarget;
			buildConfigurationList = 3DCFC274231DE76D00668326 /* Build configuration list for PBXNativeTarget "App TestUITests" */;
			buildPhases = (
				3DCFC261231DE76D00668326 /* Sources */,
				3DCFC262231DE76D00668326 /* Frameworks */,
				3DCFC263231DE76D00668326 /* Resources */,
			);
			buildRules = (
			);
			dependencies = (
				3DCFC267231DE76D00668326 /* PBXTargetDependency */,
			);
			name = "App TestUITests";
			productName = "App TestUITests";
			productReference = 3DCFC265231DE76D00668326 /* App TestUITests.xctest */;
			productType = "com.apple.product-type.bundle.ui-testing";
		};
/* End PBXNativeTarget section */

/* Begin PBXProject section */
		3DCFC23E231DE76A00668326 /* Project object */ = {
			isa = PBXProject;
			attributes = {
				LastSwiftUpdateCheck = 1010;
				LastUpgradeCheck = 1010;
				ORGANIZATIONNAME = "Brooke Brennan";
				TargetAttributes = {
					3DCFC245231DE76A00668326 = {
						CreatedOnToolsVersion = 10.1;
					};
					3DCFC259231DE76D00668326 = {
						CreatedOnToolsVersion = 10.1;
						TestTargetID = 3DCFC245231DE76A00668326;
					};
					3DCFC264231DE76D00668326 = {
						CreatedOnToolsVersion = 10.1;
						TestTargetID = 3DCFC245231DE76A00668326;
					};
				};
			};
			buildConfigurationList = 3DCFC241231DE76A00668326 /* Build configuration list for PBXProject "App Test" */;
			compatibilityVersion = "Xcode 9.3";
			developmentRegion = en;
			hasScannedForEncodings = 0;
			knownRegions = (
				en,
				Base,
			);
			mainGroup = 3DCFC23D231DE76A00668326;
			productRefGroup = 3DCFC247231DE76A00668326 /* Products */;
			projectDirPath = "";
			projectRoot = "";
			targets = (
				3DCFC245231DE76A00668326 /* App Test */,
				3DCFC259231DE76D00668326 /* App TestTests */,
				3DCFC264231DE76D00668326 /* App TestUITests */,
			);
		};
/* End PBXProject section */

/* Begin PBXResourcesBuildPhase section */
		3DCFC244231DE76A00668326 /* Resources */ = {
			isa = PBXResourcesBuildPhase;
			buildActionMask = 2147483647;
			files = (
				3DCFC254231DE76D00668326 /* LaunchScreen.storyboard in Resources */,
				3DCFC251231DE76D00668326 /* Assets.xcassets in Resources */,
				3DCFC24F231DE76A00668326 /* Main.storyboard in Resources */,
			);
			runOnlyForDeploymentPostprocessing = 0;
		};
		3DCFC258231DE76D00668326 /* Resources */ = {
			isa = PBXResourcesBuildPhase;
			buildActionMask = 2147483647;
			files = (
			);
			runOnlyForDeploymentPostprocessing = 0;
		};
		3DCFC263231DE76D00668326 /* Resources */ = {
			isa = PBXResourcesBuildPhase;
			buildActionMask = 2147483647;
			files = (
			);
			runOnlyForDeploymentPostprocessing = 0;
		};
/* End PBXResourcesBuildPhase section */

/* Begin PBXSourcesBuildPhase section */
		3DCFC242231DE76A00668326 /* Sources */ = {
			isa = PBXSourcesBuildPhase;
			buildActionMask = 2147483647;
			files = (
				3DCFC24C231DE76A00668326 /* ViewController.swift in Sources */,
				3DCFC24A231DE76A00668326 /* AppDelegate.swift in Sources */,
			);
			runOnlyForDeploymentPostprocessing = 0;
		};
		3DCFC256231DE76D00668326 /* Sources */ = {
			isa = PBXSourcesBuildPhase;
			buildActionMask = 2147483647;
			files = (
				3DCFC25F231DE76D00668326 /* App_TestTests.swift in Sources */,
			);
			runOnlyForDeploymentPostprocessing = 0;
		};
		3DCFC261231DE76D00668326 /* Sources */ = {
			isa = PBXSourcesBuildPhase;
			buildActionMask = 2147483647;
			files = (
				3DCFC26A231DE76D00668326 /* App_TestUITests.swift in Sources */,
			);
			runOnlyForDeploymentPostprocessing = 0;
		};
/* End PBXSourcesBuildPhase section */

/* Begin PBXTargetDependency section */
		3DCFC25C231DE76D00668326 /* PBXTargetDependency */ = {
			isa = PBXTargetDependency;
			target = 3DCFC245231DE76A00668326 /* App Test */;
			targetProxy = 3DCFC25B231DE76D00668326 /* PBXContainerItemProxy */;
		};
		3DCFC267231DE76D00668326 /* PBXTargetDependency */ = {
			isa = PBXTargetDependency;
			target = 3DCFC245231DE76A00668326 /* App Test */;
			targetProxy = 3DCFC266231DE76D00668326 /* PBXContainerItemProxy */;
		};
/* End PBXTargetDependency section */

/* Begin PBXVariantGroup section */
		3DCFC24D231DE76A00668326 /* Main.storyboard */ = {
			isa = PBXVariantGroup;
			children = (
				3DCFC24E231DE76A00668326 /* Base */,
			);
			name = Main.storyboard;
			sourceTree = "<group>";
		};
		3DCFC252231DE76D00668326 /* LaunchScreen.storyboard */ = {
			isa = PBXVariantGroup;
			children = (
				3DCFC253231DE76D00668326 /* Base */,
			);
			name = LaunchScreen.storyboard;
			sourceTree = "<group>";
		};
/* End PBXVariantGroup section */

/* Begin XCBuildConfiguration section */
		3DCFC26C231DE76D00668326 /* Debug */ = {
			isa = XCBuildConfiguration;
			buildSettings = {
				ALWAYS_SEARCH_USER_PATHS = NO;
				CLANG_ANALYZER_NONNULL = YES;
				CLANG_ANALYZER_NUMBER_OBJECT_CONVERSION = YES_AGGRESSIVE;
				CLANG_CXX_LANGUAGE_STANDARD = "gnu++14";
				CLANG_CXX_LIBRARY = "libc++";
				CLANG_ENABLE_MODULES = YES;
				CLANG_ENABLE_OBJC_ARC = YES;
				CLANG_ENABLE_OBJC_WEAK = YES;
				CLANG_WARN_BLOCK_CAPTURE_AUTORELEASING = YES;
				CLANG_WARN_BOOL_CONVERSION = YES;
				CLANG_WARN_COMMA = YES;
				CLANG_WARN_CONSTANT_CONVERSION = YES;
				CLANG_WARN_DEPRECATED_OBJC_IMPLEMENTATIONS = YES;
				CLANG_WARN_DIRECT_OBJC_ISA_USAGE = YES_ERROR;
				CLANG_WARN_DOCUMENTATION_COMMENTS = YES;
				CLANG_WARN_EMPTY_BODY = YES;
				CLANG_WARN_ENUM_CONVERSION = YES;
				CLANG_WARN_INFINITE_RECURSION = YES;
				CLANG_WARN_INT_CONVERSION = YES;
				CLANG_WARN_NON_LITERAL_NULL_CONVERSION = YES;
				CLANG_WARN_OBJC_IMPLICIT_RETAIN_SELF = YES;
				CLANG_WARN_OBJC_LITERAL_CONVERSION = YES;
				CLANG_WARN_OBJC_ROOT_CLASS = YES_ERROR;
				CLANG_WARN_RANGE_LOOP_ANALYSIS = YES;
				CLANG_WARN_STRICT_PROTOTYPES = YES;
				CLANG_WARN_SUSPICIOUS_MOVE = YES;
				CLANG_WARN_UNGUARDED_AVAILABILITY = YES_AGGRESSIVE;
				CLANG_WARN_UNREACHABLE_CODE = YES;
				CLANG_WARN__DUPLICATE_METHOD_MATCH = YES;
				CODE_SIGN_IDENTITY = "iPhone Developer";
				COPY_PHASE_STRIP = NO;
				DEBUG_INFORMATION_FORMAT = dwarf;
				ENABLE_STRICT_OBJC_MSGSEND = YES;
				ENABLE_TESTABILITY = YES;
				GCC_C_LANGUAGE_STANDARD = gnu11;
				GCC_DYNAMIC_NO_PIC = NO;
				GCC_NO_COMMON_BLOCKS = YES;
				GCC_OPTIMIZATION_LEVEL = 0;
				GCC_PREPROCESSOR_DEFINITIONS = (
					"DEBUG=1",
					"$(inherited)",
				);
				GCC_WARN_64_TO_32_BIT_CONVERSION = YES;
				GCC_WARN_ABOUT_RETURN_TYPE = YES_ERROR;
				GCC_WARN_UNDECLARED_SELECTOR = YES;
				GCC_WARN_UNINITIALIZED_AUTOS = YES_AGGRESSIVE;
				GCC_WARN_UNUSED_FUNCTION = YES;
				GCC_WARN_UNUSED_VARIABLE = YES;
				IPHONEOS_DEPLOYMENT_TARGET = 12.1;
				MTL_ENABLE_DEBUG_INFO = INCLUDE_SOURCE;
				MTL_FAST_MATH = YES;
				ONLY_ACTIVE_ARCH = YES;
				SDKROOT = iphoneos;
				SWIFT_ACTIVE_COMPILATION_CONDITIONS = DEBUG;
				SWIFT_OPTIMIZATION_LEVEL = "-Onone";
			};
			name = Debug;
		};
		3DCFC26D231DE76D00668326 /* Release */ = {
			isa = XCBuildConfiguration;
			buildSettings = {
				ALWAYS_SEARCH_USER_PATHS = NO;
				CLANG_ANALYZER_NONNULL = YES;
				CLANG_ANALYZER_NUMBER_OBJECT_CONVERSION = YES_AGGRESSIVE;
				CLANG_CXX_LANGUAGE_STANDARD = "gnu++14";
				CLANG_CXX_LIBRARY = "libc++";
				CLANG_ENABLE_MODULES = YES;
				CLANG_ENABLE_OBJC_ARC = YES;
				CLANG_ENABLE_OBJC_WEAK = YES;
				CLANG_WARN_BLOCK_CAPTURE_AUTORELEASING = YES;
				CLANG_WARN_BOOL_CONVERSION = YES;
				CLANG_WARN_COMMA = YES;
				CLANG_WARN_CONSTANT_CONVERSION = YES;
				CLANG_WARN_DEPRECATED_OBJC_IMPLEMENTATIONS = YES;
				CLANG_WARN_DIRECT_OBJC_ISA_USAGE = YES_ERROR;
				CLANG_WARN_DOCUMENTATION_COMMENTS = YES;
				CLANG_WARN_EMPTY_BODY = YES;
				CLANG_WARN_ENUM_CONVERSION = YES;
				CLANG_WARN_INFINITE_RECURSION = YES;
				CLANG_WARN_INT_CONVERSION = YES;
				CLANG_WARN_NON_LITERAL_NULL_CONVERSION = YES;
				CLANG_WARN_OBJC_IMPLICIT_RETAIN_SELF = YES;
				CLANG_WARN_OBJC_LITERAL_CONVERSION = YES;
				CLANG_WARN_OBJC_ROOT_CLASS = YES_ERROR;
				CLANG_WARN_RANGE_LOOP_ANALYSIS = YES;
				CLANG_WARN_STRICT_PROTOTYPES = YES;
				CLANG_WARN_SUSPICIOUS_MOVE = YES;
				CLANG_WARN_UNGUARDED_AVAILABILITY = YES_AGGRESSIVE;
				CLANG_WARN_UNREACHABLE_CODE = YES;
				CLANG_WARN__DUPLICATE_METHOD_MATCH = YES;
				CODE_SIGN_IDENTITY = "iPhone Developer";
				COPY_PHASE_STRIP = NO;
				DEBUG_INFORMATION_FORMAT = "dwarf-with-dsym";
				ENABLE_NS_ASSERTIONS = NO;
				ENABLE_STRICT_OBJC_MSGSEND = YES;
				GCC_C_LANGUAGE_STANDARD = gnu11;
				GCC_NO_COMMON_BLOCKS = YES;
				GCC_WARN_64_TO_32_BIT_CONVERSION = YES;
				GCC_WARN_ABOUT_RETURN_TYPE = YES_ERROR;
				GCC_WARN_UNDECLARED_SELECTOR = YES;
				GCC_WARN_UNINITIALIZED_AUTOS = YES_AGGRESSIVE;
				GCC_WARN_UNUSED_FUNCTION = YES;
				GCC_WARN_UNUSED_VARIABLE = YES;
				IPHONEOS_DEPLOYMENT_TARGET = 12.1;
				MTL_ENABLE_DEBUG_INFO = NO;
				MTL_FAST_MATH = YES;
				SDKROOT = iphoneos;
				SWIFT_COMPILATION_MODE = wholemodule;
				SWIFT_OPTIMIZATION_LEVEL = "-O";
				VALIDATE_PRODUCT = YES;
			};
			name = Release;
		};
		3DCFC26F231DE76D00668326 /* Debug */ = {
			isa = XCBuildConfiguration;
			buildSettings = {
				ASSETCATALOG_COMPILER_APPICON_NAME = AppIcon;
				CODE_SIGN_STYLE = Automatic;
				INFOPLIST_FILE = "App Test/Info.plist";
				LD_RUNPATH_SEARCH_PATHS = (
					"$(inherited)",
					"@executable_path/Frameworks",
				);
				PRODUCT_BUNDLE_IDENTIFIER = "ECE.App-Test";
				PRODUCT_NAME = "$(TARGET_NAME)";
				SWIFT_VERSION = 4.2;
				TARGETED_DEVICE_FAMILY = "1,2";
			};
			name = Debug;
		};
		3DCFC270231DE76D00668326 /* Release */ = {
			isa = XCBuildConfiguration;
			buildSettings = {
				ASSETCATALOG_COMPILER_APPICON_NAME = AppIcon;
				CODE_SIGN_STYLE = Automatic;
				INFOPLIST_FILE = "App Test/Info.plist";
				LD_RUNPATH_SEARCH_PATHS = (
					"$(inherited)",
					"@executable_path/Frameworks",
				);
				PRODUCT_BUNDLE_IDENTIFIER = "ECE.App-Test";
				PRODUCT_NAME = "$(TARGET_NAME)";
				SWIFT_VERSION = 4.2;
				TARGETED_DEVICE_FAMILY = "1,2";
			};
			name = Release;
		};
		3DCFC272231DE76D00668326 /* Debug */ = {
			isa = XCBuildConfiguration;
			buildSettings = {
				ALWAYS_EMBED_SWIFT_STANDARD_LIBRARIES = YES;
				BUNDLE_LOADER = "$(TEST_HOST)";
				CODE_SIGN_STYLE = Automatic;
				INFOPLIST_FILE = "App TestTests/Info.plist";
				LD_RUNPATH_SEARCH_PATHS = (
					"$(inherited)",
					"@executable_path/Frameworks",
					"@loader_path/Frameworks",
				);
				PRODUCT_BUNDLE_IDENTIFIER = "ECE.App-TestTests";
				PRODUCT_NAME = "$(TARGET_NAME)";
				SWIFT_VERSION = 4.2;
				TARGETED_DEVICE_FAMILY = "1,2";
				TEST_HOST = "$(BUILT_PRODUCTS_DIR)/App Test.app/App Test";
			};
			name = Debug;
		};
		3DCFC273231DE76D00668326 /* Release */ = {
			isa = XCBuildConfiguration;
			buildSettings = {
				ALWAYS_EMBED_SWIFT_STANDARD_LIBRARIES = YES;
				BUNDLE_LOADER = "$(TEST_HOST)";
				CODE_SIGN_STYLE = Automatic;
				INFOPLIST_FILE = "App TestTests/Info.plist";
				LD_RUNPATH_SEARCH_PATHS = (
					"$(inherited)",
					"@executable_path/Frameworks",
					"@loader_path/Frameworks",
				);
				PRODUCT_BUNDLE_IDENTIFIER = "ECE.App-TestTests";
				PRODUCT_NAME = "$(TARGET_NAME)";
				SWIFT_VERSION = 4.2;
				TARGETED_DEVICE_FAMILY = "1,2";
				TEST_HOST = "$(BUILT_PRODUCTS_DIR)/App Test.app/App Test";
			};
			name = Release;
		};
		3DCFC275231DE76D00668326 /* Debug */ = {
			isa = XCBuildConfiguration;
			buildSettings = {
				ALWAYS_EMBED_SWIFT_STANDARD_LIBRARIES = YES;
				CODE_SIGN_STYLE = Automatic;
				INFOPLIST_FILE = "App TestUITests/Info.plist";
				LD_RUNPATH_SEARCH_PATHS = (
					"$(inherited)",
					"@executable_path/Frameworks",
					"@loader_path/Frameworks",
				);
				PRODUCT_BUNDLE_IDENTIFIER = "ECE.App-TestUITests";
				PRODUCT_NAME = "$(TARGET_NAME)";
				SWIFT_VERSION = 4.2;
				TARGETED_DEVICE_FAMILY = "1,2";
				TEST_TARGET_NAME = "App Test";
			};
			name = Debug;
		};
		3DCFC276231DE76D00668326 /* Release */ = {
			isa = XCBuildConfiguration;
			buildSettings = {
				ALWAYS_EMBED_SWIFT_STANDARD_LIBRARIES = YES;
				CODE_SIGN_STYLE = Automatic;
				INFOPLIST_FILE = "App TestUITests/Info.plist";
				LD_RUNPATH_SEARCH_PATHS = (
					"$(inherited)",
					"@executable_path/Frameworks",
					"@loader_path/Frameworks",
				);
				PRODUCT_BUNDLE_IDENTIFIER = "ECE.App-TestUITests";
				PRODUCT_NAME = "$(TARGET_NAME)";
				SWIFT_VERSION = 4.2;
				TARGETED_DEVICE_FAMILY = "1,2";
				TEST_TARGET_NAME = "App Test";
			};
			name = Release;
		};
/* End XCBuildConfiguration section */

/* Begin XCConfigurationList section */
		3DCFC241231DE76A00668326 /* Build configuration list for PBXProject "App Test" */ = {
			isa = XCConfigurationList;
			buildConfigurations = (
				3DCFC26C231DE76D00668326 /* Debug */,
				3DCFC26D231DE76D00668326 /* Release */,
			);
			defaultConfigurationIsVisible = 0;
			defaultConfigurationName = Release;
		};
		3DCFC26E231DE76D00668326 /* Build configuration list for PBXNativeTarget "App Test" */ = {
			isa = XCConfigurationList;
			buildConfigurations = (
				3DCFC26F231DE76D00668326 /* Debug */,
				3DCFC270231DE76D00668326 /* Release */,
			);
			defaultConfigurationIsVisible = 0;
			defaultConfigurationName = Release;
		};
		3DCFC271231DE76D00668326 /* Build configuration list for PBXNativeTarget "App TestTests" */ = {
			isa = XCConfigurationList;
			buildConfigurations = (
				3DCFC272231DE76D00668326 /* Debug */,
				3DCFC273231DE76D00668326 /* Release */,
			);
			defaultConfigurationIsVisible = 0;
			defaultConfigurationName = Release;
		};
		3DCFC274231DE76D00668326 /* Build configuration list for PBXNativeTarget "App TestUITests" */ = {
			isa = XCConfigurationList;
			buildConfigurations = (
				3DCFC275231DE76D00668326 /* Debug */,
				3DCFC276231DE76D00668326 /* Release */,
			);
			defaultConfigurationIsVisible = 0;
			defaultConfigurationName = Release;
		};
/* End XCConfigurationList section */
	};
	rootObject = 3DCFC23E231DE76A00668326 /* Project object */;
}
